hash: 9b110fe65e53714f2e18f00a7d9b8e97181867975e8dc9fc06129dc7e64cdc4b
updated: 2017-07-27T14:29:25.832833445+09:00
imports:
- name: github.com/alexflint/go-arg
  version: cef6506c97e5731da728c374ff3523e481026423
- name: github.com/alexflint/go-scalar
  version: 45e5d6cd8605faef82fda2bacc59e734a0b6f1f0
- name: github.com/fatih/color
  version: 62e9147c64a1ed519147b62a56a14e83e2be02c1
- name: github.com/golang/protobuf
  version: 6e4cc92cc905d5f4a73041c1b8228ea08f4c6147
  subpackages:
  - jsonpb
  - proto
  - protoc-gen-go/descriptor
  - ptypes
  - ptypes/any
  - ptypes/duration
  - ptypes/struct
  - ptypes/timestamp
  - ptypes/wrappers
- name: github.com/jhump/protoreflect
  version: cba7dc071926a6a5da76c83c7e1e6fc1ffe77c81
  subpackages:
  - desc
  - dynamic
- name: github.com/mattn/go-colorable
  version: 5411d3eea5978e6cdc258b30de592b60df6aba96
  repo: https://github.com/mattn/go-colorable
- name: github.com/mattn/go-isatty
  version: 57fdcb988a5c543893cc61bce354a6e24ab70022
  repo: https://github.com/mattn/go-isatty
- name: github.com/mattn/go-runewidth
  version: 97311d9f7767e3d6f422ea06661bc2c7a19e8a5d
- name: github.com/olekukonko/tablewriter
  version: be5337e7b39e64e5f91445ce7e721888dbab7387
- name: github.com/peterh/liner
  version: 88609521dc4b6c858fd4c98b628147da928ce4ac
- name: github.com/pkg/errors
  version: c605e284fe17294bda444b34710735b29d1a9d90
- name: golang.org/x/net
  version: fe686d45ea04bc1bd4eff6a52865ce8757320325
  subpackages:
  - context
  - http2
  - http2/hpack
  - idna
  - internal/timeseries
  - lex/httplex
  - trace
- name: golang.org/x/sys
  version: e24f485414aeafb646f6fca458b0bf869c0880a1
  repo: https://go.googlesource.com/sys
  subpackages:
  - unix
- name: golang.org/x/text
  version: 9e2f80a6ba7ed4ba13e0cd4b1f094bf916875735
  subpackages:
  - secure/bidirule
  - transform
  - unicode/bidi
  - unicode/norm
- name: google.golang.org/genproto
  version: aa2eb687b4d3e17154372564ad8d6bf11c3cf21f
  subpackages:
  - googleapis/rpc/status
  - protobuf/api
  - protobuf/ptype
  - protobuf/source_context
- name: google.golang.org/grpc
  version: 172ccacff3cfbddedcf1ba5ea06cda943bc976c1
  subpackages:
  - codes
  - credentials
  - grpclb/grpc_lb_v1
  - grpclog
  - internal
  - keepalive
  - metadata
  - naming
  - peer
  - stats
  - status
  - tap
  - transport
testImports: []
