hash: 32f98c9a1f8d3c067e4111b28c07a964859a4afe51a6d9a48479f4bee3ae80d2
updated: 2018-04-24T19:31:07.052156+09:00
imports:
- name: github.com/AlecAivazis/survey
  version: e752db451e07e09c7d7dc8cada807a44bdb0fd47
- name: github.com/alexflint/go-arg
  version: 074ee5f759999d103724b5594e33901adeb28e73
- name: github.com/alexflint/go-scalar
  version: 45e5d6cd8605faef82fda2bacc59e734a0b6f1f0
- name: github.com/BurntSushi/toml
  version: a368813c5e648fee92e5f6c30e3944ff9d5e8895
- name: github.com/c-bata/go-prompt
  version: 15992ed45e46edd6168d7c8bfda14b700f6b756a
- name: github.com/davecgh/go-spew
  version: 2df174808ee097f90d259e432cc04442cf60be21
  subpackages:
  - spew
- name: github.com/fatih/color
  version: 507f6050b8568533fb3f5504de8e5205fa62a114
- name: github.com/golang/protobuf
  version: e09c5db296004fbe3f74490e84dcd62c3c5ddb1b
  subpackages:
  - jsonpb
  - proto
  - protoc-gen-go/descriptor
  - protoc-gen-go/plugin
  - ptypes
  - ptypes/any
  - ptypes/duration
  - ptypes/empty
  - ptypes/struct
  - ptypes/timestamp
  - ptypes/wrappers
- name: github.com/google/go-github
  version: 69ab5d997213689855e5db797eb5016ad0cc957a
  subpackages:
  - github
- name: github.com/google/go-querystring
  version: 53e6ce116135b80d037921a7fdd5138cf32d7a8a
  subpackages:
  - query
- name: github.com/hashicorp/errwrap
  version: 7554cd9344cec97297fa6649b055a8c98c2a1e55
- name: github.com/hashicorp/go-multierror
  version: b7773ae218740a7be65057fc60b366a49b538a44
- name: github.com/jhump/protoreflect
  version: 5cc2142026378ce11af191cffef661ec20dc6384
  subpackages:
  - desc
  - desc/internal
  - desc/protoparse
  - dynamic
  - internal
- name: github.com/kelseyhightower/envconfig
  version: b2c5c876e2659d9060d82e9b8494150d53854cc4
- name: github.com/ktr0731/go-configure
  version: 37d89cb5546f3e3f28142a781ea345e42b32d50c
- name: github.com/ktr0731/go-semver
  version: 1c7a2ae67b5e66420549b0128c36ccdeab903636
- name: github.com/ktr0731/go-shellstring
  version: 1b2bf0a2055df1a9cbea8f57e1d8cb96a6b1086e
- name: github.com/ktr0731/go-updater
  version: abec08c84ffb3888ebec425c16bd8a5afacefaee
  subpackages:
  - brew
  - github
- name: github.com/ktr0731/mapstruct
  version: 39ad5868fa43338db745229c95923b300b9dcaf8
- name: github.com/mattn/go-colorable
  version: efa589957cd060542a26d2dd7832fd6a6c6c3ade
- name: github.com/mattn/go-isatty
  version: 6ca4dbf54d38eea1a992b3c722a76a5d1c4cb25c
- name: github.com/mattn/go-pipeline
  version: cfb87a531e2beb376fe3ce94a6dfef7956d33bc7
- name: github.com/mattn/go-runewidth
  version: ce7b0b5c7b45a81508558cd1dba6bb1e4ddb51bb
- name: github.com/mattn/go-shellwords
  version: 39dbbfa24bbc39559b61cae9b20b0e8db0e55525
- name: github.com/mattn/go-tty
  version: 931426f7535ac39720c8909d70ece5a41a2502a6
- name: github.com/mgutz/ansi
  version: 9520e82c474b0a04dd04f8a40959027271bab992
- name: github.com/mitchellh/go-homedir
  version: b8bc1bf767474819792c23f32d8286a45736f1c6
- name: github.com/mitchellh/mapstructure
  version: 00c29f56e2386353d58c599509e8dc3801b0d716
- name: github.com/olekukonko/tablewriter
  version: d5dd8a50526aadb3d5f2c9b5233277bc2db90e88
- name: github.com/pelletier/go-toml
  version: 66540cf1fcd2c3aee6f6787dfa32a6ae9a870f12
- name: github.com/peterh/liner
  version: 6106ee4fe3e8435f18cd10e34557e5e50f0e792a
- name: github.com/pkg/errors
  version: 816c9085562cd7ee03e7f8188a1cfd942858cded
- name: github.com/pkg/term
  version: cda20d4ac917ad418d86e151eff439648b06185b
  subpackages:
  - termios
- name: github.com/pmezard/go-difflib
  version: d8ed2627bdf02c080bf22230dbb337003b7aba2d
  subpackages:
  - difflib
- name: github.com/stretchr/testify
  version: f390dcf405f7b83c997eac1b06768bb9f44dec18
  subpackages:
  - assert
  - require
  - vendor/github.com/davecgh/go-spew/spew
  - vendor/github.com/pmezard/go-difflib/difflib
- name: github.com/tj/go-spin
  version: 30574f5fadef1aa5c61d4c42e936785af9f03ada
- name: golang.org/x/net
  version: 5f9ae10d9af5b1c89ae6904293b14b064d4ada23
  subpackages:
  - context
  - http/httpguts
  - http2
  - http2/hpack
  - idna
  - internal/timeseries
  - lex/httplex
  - trace
- name: golang.org/x/sys
  version: 79b0c6888797020a994db17c8510466c72fe75d9
  subpackages:
  - unix
- name: golang.org/x/text
  version: 7922cc490dd5a7dbaa7fd5d6196b49db59ac042f
  subpackages:
  - secure/bidirule
  - transform
  - unicode/bidi
  - unicode/norm
- name: google.golang.org/genproto
  version: 7fd901a49ba6a7f87732eb344f6e3c5b19d1b200
  subpackages:
  - googleapis/rpc/status
  - protobuf/api
  - protobuf/field_mask
  - protobuf/ptype
  - protobuf/source_context
- name: google.golang.org/grpc
  version: 4166ea7dad0fc934a2bb0b99eb0750f8e3d3400f
  subpackages:
  - balancer
  - balancer/base
  - balancer/roundrobin
  - channelz
  - codes
  - connectivity
  - credentials
  - encoding
  - encoding/proto
  - grpclb/grpc_lb_v1/messages
  - grpclog
  - internal
  - keepalive
  - metadata
  - naming
  - peer
  - resolver
  - resolver/dns
  - resolver/passthrough
  - stats
  - status
  - tap
  - transport
- name: gopkg.in/AlecAivazis/survey.v1
  version: e752db451e07e09c7d7dc8cada807a44bdb0fd47
  subpackages:
  - core
  - terminal
- name: gopkg.in/yaml.v2
  version: 5420a8b6744d3b0345ab293f6fcba19c978f1183
testImports: []
