cloud.google.com/go v0.26.0/go.mod h1:aQUYkXzVsufM+DwF1aE+0xfcU+56JwCaLick0ClmMTw=
github.com/BurntSushi/toml v0.3.1 h1:WXkYYl6Yr3qBf1K79EBnL4mak0OimBfB0XUf9Vl28OQ=
github.com/BurntSushi/toml v0.3.1/go.mod h1:xHWCNGjB5oqiDr8zfno3MHue2Ht5sIBksp03qcyfWMU=
github.com/Netflix/go-expect v0.0.0-20180928190340-9d1f4485533b h1:sSQK05nvxs4UkgCJaxihteu+r+6ela3dNMm7NVmsS3c=
github.com/Netflix/go-expect v0.0.0-20180928190340-9d1f4485533b/go.mod h1:oX5x61PbNXchhh0oikYAH+4Pcfw5LKv21+Jnpr6r6Pc=
github.com/alecthomas/gometalinter v2.0.11+incompatible h1:ENdXMllZNSVDTJUUVIzBW9CSEpntTrQa76iRsEFLX/M=
github.com/alecthomas/gometalinter v2.0.11+incompatible/go.mod h1:qfIpQGGz3d+NmgyPBqv+LSh50emm1pt72EtcX2vKYQk=
github.com/alecthomas/units v0.0.0-20151022065526-2efee857e7cf h1:qet1QNfXsQxTZqLG4oE62mJzwPIB8+Tee4RNCL9ulrY=
github.com/alecthomas/units v0.0.0-20151022065526-2efee857e7cf/go.mod h1:ybxpYRFXyAe+OPACYpWeL0wqObRcbAqCMya13uyzqw0=
github.com/armon/consul-api v0.0.0-20180202201655-eb2c6b5be1b6/go.mod h1:grANhF5doyWs3UAsr3K4I6qtAmlQcZDesFNEHPZAzj8=
github.com/armon/go-radix v0.0.0-20180808171621-7fddfc383310 h1:BUAU3CGlLvorLI26FmByPp2eC2qla6E1Tw+scpcg/to=
github.com/armon/go-radix v0.0.0-20180808171621-7fddfc383310/go.mod h1:ufUuZ+zHj4x4TnLV4JWEpy2hxWSpsRywHrMgIH9cCH8=
github.com/bgentry/speakeasy v0.1.0 h1:ByYyxL9InA1OWqxJqqp2A5pYHUrCiAL6K3J+LKSsQkY=
github.com/bgentry/speakeasy v0.1.0/go.mod h1:+zsyZBPWlz7T6j88CTgSN5bM796AkVf0kBD4zp0CCIs=
github.com/c-bata/go-prompt v0.2.3 h1:jjCS+QhG/sULBhAaBdjb2PlMRVaKXQgn+4yzaauvs2s=
github.com/c-bata/go-prompt v0.2.3/go.mod h1:VzqtzE2ksDBcdln8G7mk2RX9QyGjH+OVqOCSiVIqS34=
github.com/chzyer/logex v1.1.10 h1:Swpa1K6QvQznwJRcfTfQJmTE72DqScAa40E+fbHEXEE=
github.com/chzyer/logex v1.1.10/go.mod h1:+Ywpsq7O8HXn0nuIou7OrIPyXbp3wmkHB+jjWRnGsAI=
github.com/chzyer/readline v0.0.0-20180603132655-2972be24d48e h1:fY5BOSpyZCqRo5OhCuC+XN+r/bBCmeuuJtjz+bCNIf8=
github.com/chzyer/readline v0.0.0-20180603132655-2972be24d48e/go.mod h1:nSuG5e5PlCu98SY8svDHJxuZscDgtXS6KTTbou5AhLI=
github.com/chzyer/test v0.0.0-20180213035817-a1ea475d72b1 h1:q763qf9huN11kDQavWsoZXJNW3xEE4JJyHa5Q25/sd8=
github.com/chzyer/test v0.0.0-20180213035817-a1ea475d72b1/go.mod h1:Q3SI9o4m/ZMnBNeIyt5eFwwo7qiLfzFZmjNmxjkiQlU=
github.com/client9/misspell v0.3.4 h1:ta993UF76GwbvJcIo3Y68y/M3WxlpEHPWIGDkJYwzJI=
github.com/client9/misspell v0.3.4/go.mod h1:qj6jICC3Q7zFZvVWo7KLAzC3yx5G7kyvSDkc90ppPyw=
github.com/coreos/etcd v3.3.10+incompatible/go.mod h1:uF7uidLiAD3TWHmW31ZFd/JWoc32PjwdhPthX9715RE=
github.com/coreos/go-etcd v2.0.0+incompatible/go.mod h1:Jez6KQU2B/sWsbdaef3ED8NzMklzPG4d5KIOhIy30Tk=
github.com/coreos/go-semver v0.2.0/go.mod h1:nnelYz7RCh+5ahJtPPxZlU+153eP4D4r3EedlOD2RNk=
github.com/davecgh/go-spew v1.1.0/go.mod h1:J7Y8YcW2NihsgmVo/mv3lAwl/skON4iLHjSsI+c5H38=
github.com/davecgh/go-spew v1.1.1 h1:vj9j/u1bqnvCEfJOwUhtlOARqs3+rkHYY13jYWTU97c=
github.com/davecgh/go-spew v1.1.1/go.mod h1:J7Y8YcW2NihsgmVo/mv3lAwl/skON4iLHjSsI+c5H38=
github.com/fatih/color v1.7.0 h1:DkWD4oS2D8LGGgTQ6IvwJJXSL5Vp2ffcQg58nFV38Ys=
github.com/fatih/color v1.7.0/go.mod h1:Zm6kSWBoL9eyXnKyktHP6abPY2pDugNf5KwzbycvMj4=
github.com/fsnotify/fsnotify v1.4.7 h1:IXs+QLmnXW2CcXuY+8Mzv/fWEsPGWxqefPtCP5CnV9I=
github.com/fsnotify/fsnotify v1.4.7/go.mod h1:jwhsz4b93w/PPRr/qN1Yymfu8t87LnFCMoQvtojpjFo=
github.com/golang/glog v0.0.0-20160126235308-23def4e6c14b h1:VKtxabqXZkF25pY9ekfRL6a582T4P37/31XEstQ5p58=
github.com/golang/glog v0.0.0-20160126235308-23def4e6c14b/go.mod h1:SBH7ygxi8pfUlaOkMMuAQtPIUF8ecWP5IEl/CR7VP2Q=
github.com/golang/lint v0.0.0-20190227174305-8f45f776aaf1 h1:OweG79HQN2EP1LFvrcKD8XwXJS6MNxth2KzJ+z2kTt4=
github.com/golang/lint v0.0.0-20190227174305-8f45f776aaf1/go.mod h1:tluoj9z5200jBnyusfRPU2LqT6J+DAorxEvtC7LHB+E=
github.com/golang/mock v1.1.1/go.mod h1:oTYuIxOrZwtPieC+H1uAHpcLFnEyAGVDL/k47Jfbm0A=
github.com/golang/protobuf v1.1.0/go.mod h1:6lQm79b+lXiMfvg/cZm0SGofjICqVBUtrP5yJMmIC1U=
github.com/golang/protobuf v1.2.0/go.mod h1:6lQm79b+lXiMfvg/cZm0SGofjICqVBUtrP5yJMmIC1U=
github.com/golang/protobuf v1.3.1 h1:YF8+flBXS5eO826T4nzqPrxfhQThhXl0YzfuUPu4SBg=
github.com/golang/protobuf v1.3.1/go.mod h1:6lQm79b+lXiMfvg/cZm0SGofjICqVBUtrP5yJMmIC1U=
github.com/google/go-cmp v0.2.0/go.mod h1:oXzfMopK8JAjlY9xF4vHSVASa0yLyX7SntLO5aqRK0M=
github.com/google/go-cmp v0.3.0 h1:crn/baboCvb5fXaQ0IJ1SGTsTVrWpDsCWC8EGETZijY=
github.com/google/go-cmp v0.3.0/go.mod h1:8QqcDgzrUqlUb/G2PQTWiueGozuR1884gddMywk6iLU=
github.com/google/go-github v17.0.0+incompatible h1:N0LgJ1j65A7kfXrZnUDaYCs/Sf4rEjNlfyDHW9dolSY=
github.com/google/go-github v17.0.0+incompatible/go.mod h1:zLgOLi98H3fifZn+44m+umXrS52loVEgC2AApnigrVQ=
github.com/google/go-querystring v1.0.0 h1:Xkwi/a1rcvNg1PPYe5vI8GbeBY/jrVuDX5ASuANWTrk=
github.com/google/go-querystring v1.0.0/go.mod h1:odCYkC5MyYFN7vkCjXpyrEuKhc/BUO6wN/zVPAxq5ck=
github.com/google/shlex v0.0.0-20181106134648-c34317bd91bf h1:7+FW5aGwISbqUtkfmIpZJGRgNFg2ioYPvFaUxdqpDsg=
github.com/google/shlex v0.0.0-20181106134648-c34317bd91bf/go.mod h1:RpwtwJQFrIEPstU94h88MWPXP2ektJZ8cZ0YntAmXiE=
github.com/gordonklaus/ineffassign v0.0.0-20180909121442-1003c8bd00dc h1:cJlkeAx1QYgO5N80aF5xRGstVsRQwgLR7uA2FnP1ZjY=
github.com/gordonklaus/ineffassign v0.0.0-20180909121442-1003c8bd00dc/go.mod h1:cuNKsD1zp2v6XfE/orVX2QE1LC+i254ceGcVeDT3pTU=
github.com/gorilla/websocket v1.4.0 h1:WDFjx/TMzVgy9VdMMQi2K2Emtwi2QcUQsztZ/zLaH/Q=
github.com/gorilla/websocket v1.4.0/go.mod h1:E7qHFY5m1UJ88s3WnNqhKjPHQ0heANvMoAMk2YaljkQ=
github.com/hashicorp/errwrap v1.0.0 h1:hLrqtEDnRye3+sgx6z4qVLNuviH3MR5aQ0ykNJa/UYA=
github.com/hashicorp/errwrap v1.0.0/go.mod h1:YH+1FKiLXxHSkmPseP+kNlulaMuP3n2brvKWEqk/Jc4=
github.com/hashicorp/go-multierror v1.0.0 h1:iVjPR7a6H0tWELX5NxNe7bYopibicUzc7uPribsnS6o=
github.com/hashicorp/go-multierror v1.0.0/go.mod h1:dHtQlpGsu+cZNNAkkCN/P3hoUDHhCYQXV3UM06sGGrk=
github.com/hashicorp/go-version v1.0.0/go.mod h1:fltr4n8CU8Ke44wwGCBoEymUuxUHl09ZGVZPK5anwXA=
github.com/hashicorp/go-version v1.1.0/go.mod h1:fltr4n8CU8Ke44wwGCBoEymUuxUHl09ZGVZPK5anwXA=
github.com/hashicorp/go-version v1.2.0 h1:3vNe/fWF5CBgRIguda1meWhsZHy3m8gCJ5wx+dIzX/E=
github.com/hashicorp/go-version v1.2.0/go.mod h1:fltr4n8CU8Ke44wwGCBoEymUuxUHl09ZGVZPK5anwXA=
github.com/hashicorp/hcl v1.0.0 h1:0Anlzjpi4vEasTeNFn2mLJgTSwt0+6sfsiTG8qcWGx4=
github.com/hashicorp/hcl v1.0.0/go.mod h1:E5yfLk+7swimpb2L/Alb/PJmXilQ/rhwaUYs4T20WEQ=
github.com/hinshun/vt10x v0.0.0-20180809195222-d55458df857c h1:kp3AxgXgDOmIJFR7bIwqFhwJ2qWar8tEQSE5XXhCfVk=
github.com/hinshun/vt10x v0.0.0-20180809195222-d55458df857c/go.mod h1:DqJ97dSdRW1W22yXSB90986pcOyQ7r45iio1KN2ez1A=
github.com/improbable-eng/grpc-web v0.0.0-20181111100011-16092bd1d58a/go.mod h1:6hRR09jOEG81ADP5wCQju1z71g6OL4eEvELdran/3cs=
github.com/improbable-eng/grpc-web v0.0.0-20181128220516-1c63d72d1d2f/go.mod h1:6hRR09jOEG81ADP5wCQju1z71g6OL4eEvELdran/3cs=
github.com/improbable-eng/grpc-web v0.9.1 h1:tenDg9Lg+zYXeS/ojbKyfwVO5TVYh5FFGsrXNAblF1o=
github.com/improbable-eng/grpc-web v0.9.1/go.mod h1:6hRR09jOEG81ADP5wCQju1z71g6OL4eEvELdran/3cs=
github.com/inconshreveable/go-update v0.0.0-20160112193335-8152e7eb6ccf h1:WfD7VjIE6z8dIvMsI4/s+1qr5EL+zoIGev1BQj1eoJ8=
github.com/inconshreveable/go-update v0.0.0-20160112193335-8152e7eb6ccf/go.mod h1:hyb9oH7vZsitZCiBt0ZvifOrB+qc8PS5IiilCIb87rg=
github.com/jhump/protoreflect v0.0.0-20180803214909-95c5cbbeaee7/go.mod h1:eki7DI0mJrpRlDikO63gRZIG0keYYxgKDUdI2QmkZCQ=
github.com/jhump/protoreflect v1.1.0 h1:h+zsMrsiq0vIl7yWmeowmd8e8VtnWk75U04GgXA2s6Y=
github.com/jhump/protoreflect v1.1.0/go.mod h1:kG/zRVeS2M91gYaCvvUbPkMjjtFQS4qqjcPFzFkh2zE=
github.com/juju/ansiterm v0.0.0-20180109212912-720a0952cc2a h1:FaWFmfWdAUKbSCtOU2QjDaorUexogfaMgbipgYATUMU=
github.com/juju/ansiterm v0.0.0-20180109212912-720a0952cc2a/go.mod h1:UJSiEoRfvx3hP73CvoARgeLjaIOjybY9vj8PUPPFGeU=
github.com/k0kubun/colorstring v0.0.0-20150214042306-9440f1994b88 h1:uC1QfSlInpQF+M0ao65imhwqKnz3Q2z/d8PWZRMQvDM=
github.com/k0kubun/colorstring v0.0.0-20150214042306-9440f1994b88/go.mod h1:3w7q1U84EfirKl04SVQ/s7nPm1ZPhiXd34z40TNz36k=
github.com/k0kubun/pp v2.3.0+incompatible h1:EKhKbi34VQDWJtq+zpsKSEhkHHs9w2P8Izbq8IhLVSo=
github.com/k0kubun/pp v2.3.0+incompatible/go.mod h1:GWse8YhT0p8pT4ir3ZgBbfZild3tgzSScAn6HmfYukg=
github.com/kballard/go-shellquote v0.0.0-20180428030007-95032a82bc51 h1:Z9n2FFNUXsshfwJMBgNA0RU6/i7WVaAegv3PtuIHPMs=
github.com/kballard/go-shellquote v0.0.0-20180428030007-95032a82bc51/go.mod h1:CzGEWj7cYgsdH8dAjBGEr58BoE7ScuLd+fwFZ44+/x8=
github.com/kisielk/gotool v1.0.0/go.mod h1:XhKaO+MFFWcvkIS/tQcRk01m1F5IRFswLeQ+oQHNcck=
github.com/kr/pretty v0.1.0 h1:L/CwN0zerZDmRFUapSPitk6f+Q3+0za1rQkzVuMiMFI=
github.com/kr/pretty v0.1.0/go.mod h1:dAy3ld7l9f0ibDNOQOHHMYYIIbhfbHSm3C4ZsoJORNo=
github.com/kr/pty v1.1.1/go.mod h1:pFQYn66WHrOpPYNljwOMqo10TkYh1fy3cYio2l3bCsQ=
github.com/kr/pty v1.1.3 h1:/Um6a/ZmD5tF7peoOJ5oN5KMQ0DrGVQSXLNwyckutPk=
github.com/kr/pty v1.1.3/go.mod h1:pFQYn66WHrOpPYNljwOMqo10TkYh1fy3cYio2l3bCsQ=
github.com/kr/text v0.1.0 h1:45sCR5RtlFHMR4UwH9sdQ5TC8v0qDQCHnXt+kaKSTVE=
github.com/kr/text v0.1.0/go.mod h1:4Jbv+DJW3UT/LiOwJeYQe1efqtUx/iVham/4vfdArNI=
github.com/ktr0731/dept v0.1.1 h1:PcktL15pzgmRguVvU75LfJirKpqveX3lqLIiq61HJSc=
github.com/ktr0731/dept v0.1.1/go.mod h1:RTx3aP/gE0/MNhYgOcxETTNBudO24Nbis4y4KImynVA=
github.com/ktr0731/evans v0.7.3 h1:Z2qOLW9TzhKHkN2iG/oTtA/Pzq5q4ooV3LDpz4CgGVE=
github.com/ktr0731/evans v0.7.3/go.mod h1:Aw1lQCK8aLO/T4I1wedU+NFykjZwns95nOM4ekAcX4c=
github.com/ktr0731/go-multierror v0.0.0-20171204182908-b7773ae21874 h1:eVBpZQfZSR9LO3CGKsUToWuGFw55oFISeI7wFNBS1xU=
github.com/ktr0731/go-multierror v0.0.0-20171204182908-b7773ae21874/go.mod h1:ZWayuE/hCzOD96CJizvcYnqrbmTC7RAG332yNtlKj6w=
github.com/ktr0731/go-shellstring v0.1.0 h1:h9l3S060peKAcNOFrEZihYF8ds8rRcPcRxTKvq5Lhfw=
github.com/ktr0731/go-shellstring v0.1.0/go.mod h1:nkNCnJ36MGqbzvcl9CECP9kZZhO916UbkCkYsjDAOkE=
github.com/ktr0731/go-updater v0.1.4 h1:uhtZq4GiPc6mhwnG3MOowAlA+2QFS9ZdzYNNupNiTno=
github.com/ktr0731/go-updater v0.1.4/go.mod h1:dsdOg7a9sj6ttcOU5ZxPCtKdm9WeB1hwcX/7oKgz9/0=
github.com/ktr0731/grpc-test v0.0.0-20181102092628-34f3c19774b5/go.mod h1:NuD281ufrVMbvgEgnr6VuppyuiHgRkw3kJ4SmdnhJqk=
github.com/ktr0731/grpc-test v0.1.0/go.mod h1:deptvEeND4faWsF2MGTanL6/2SaX8lgdmF3yEXWge5U=
github.com/ktr0731/grpc-test v0.1.2 h1:un24ZbBmPKmiy7/bnMrCZIDx/xoWBgCj6HkL6XYSOx4=
github.com/ktr0731/grpc-test v0.1.2/go.mod h1:q2esmVTqZyuLG38ykTM2fZXgKfTZSUY8TFnFoLYyZHk=
github.com/ktr0731/grpc-web-go-client v0.2.5-0.20190505140201-c24452752d52 h1:4q+JNdJMjzBqUEjcq/z3Lnqr0W3UkF7+sATxzDK/mJ8=
github.com/ktr0731/grpc-web-go-client v0.2.5-0.20190505140201-c24452752d52/go.mod h1:vYLMZfzRBm2F/Lp8XQC9rtUiyibbKhOZbOqRbPC5dfw=
github.com/ktr0731/modfile v1.11.2 h1:TRz8W9M0W2sRbPf/tainqLkwE9bUQ4anGqZN8A8nymw=
github.com/ktr0731/modfile v1.11.2/go.mod h1:LzNwnHJWHbuDh3BO17lIqzqDldXqGu1HCydWH3SinE0=
github.com/lunixbochs/vtclean v0.0.0-20180621232353-2d01aacdc34a h1:weJVJJRzAJBFRlAiJQROKQs8oC9vOxvm4rZmBBk0ONw=
github.com/lunixbochs/vtclean v0.0.0-20180621232353-2d01aacdc34a/go.mod h1:pHhQNgMf3btfWnGBVipUOjRYhoOsdGqdm/+2c2E2WMI=
github.com/magiconair/properties v1.8.0 h1:LLgXmsheXeRoUOBOjtwPQCWIYqM/LU1ayDtDePerRcY=
github.com/magiconair/properties v1.8.0/go.mod h1:PppfXfuXeibc/6YijjN8zIbojt8czPbwD3XqdrwzmxQ=
github.com/manifoldco/promptui v0.3.2 h1:rir7oByTERac6jhpHUPErHuopoRDvO3jxS+FdadEns8=
github.com/manifoldco/promptui v0.3.2/go.mod h1:8JU+igZ+eeiiRku4T5BjtKh2ms8sziGpSYl1gN8Bazw=
github.com/mattn/go-colorable v0.0.9/go.mod h1:9vuHe8Xs5qXnSaW/c/ABM9alt+Vo+STaOChaDxuIBZU=
github.com/mattn/go-colorable v0.1.1 h1:G1f5SKeVxmagw/IyvzvtZE4Gybcc4Tr1tf7I8z0XgOg=
github.com/mattn/go-colorable v0.1.1/go.mod h1:FuOcm+DKB9mbwrcAfNl7/TZVBZ6rcnceauSikq3lYCQ=
github.com/mattn/go-isatty v0.0.3/go.mod h1:M+lRXTBqGeGNdLjl/ufCoiOlB5xdOkqRJdNxMWT7Zi4=
github.com/mattn/go-isatty v0.0.4/go.mod h1:M+lRXTBqGeGNdLjl/ufCoiOlB5xdOkqRJdNxMWT7Zi4=
github.com/mattn/go-isatty v0.0.5/go.mod h1:Iq45c/XA43vh69/j3iqttzPXn0bhXyGjM0Hdxcsrc5s=
github.com/mattn/go-isatty v0.0.7 h1:UvyT9uN+3r7yLEYSlJsbQGdsaB/a0DlgWP3pql6iwOc=
github.com/mattn/go-isatty v0.0.7/go.mod h1:Iq45c/XA43vh69/j3iqttzPXn0bhXyGjM0Hdxcsrc5s=
github.com/mattn/go-pipeline v0.0.0-20170920030317-cfb87a531e2b h1:tllLy4xWlUKqXcHijy3zere2s/7y0EJXjbyGeNYrpe8=
github.com/mattn/go-pipeline v0.0.0-20170920030317-cfb87a531e2b/go.mod h1:THCMZVX5asLpinN+6hFlR1xKFcFsaDpAtUltGqZauBM=
github.com/mattn/go-runewidth v0.0.3 h1:a+kO+98RDGEfo6asOGMmpodZq4FNtnGP54yps8BzLR4=
github.com/mattn/go-runewidth v0.0.3/go.mod h1:LwmH8dsx7+W8Uxz3IHJYH5QSwggIsqBzpuz5H//U1FU=
github.com/mattn/go-runewidth v0.0.4 h1:2BvfKmzob6Bmd4YsL0zygOqfdFnK7GR4QL06Do4/p7Y=
github.com/mattn/go-runewidth v0.0.4/go.mod h1:LwmH8dsx7+W8Uxz3IHJYH5QSwggIsqBzpuz5H//U1FU=
github.com/mattn/go-shellwords v1.0.3/go.mod h1:3xCvwCdWdlDJUrvuMn7Wuy9eWs4pE8vqg+NOMyg4B2o=
github.com/mattn/go-tty v0.0.0-20180907095812-13ff1204f104/go.mod h1:XPvLUNfbS4fJH25nqRHfWLMa1ONC8Amw+mIA639KxkE=
github.com/mattn/go-tty v0.0.0-20181127064339-e4f871175a2f h1:4P7Ul+TAnk92vTeVkXs6VLjmf1EhrYtDRa03PCYY6VM=
github.com/mattn/go-tty v0.0.0-20181127064339-e4f871175a2f/go.mod h1:XPvLUNfbS4fJH25nqRHfWLMa1ONC8Amw+mIA639KxkE=
github.com/mgutz/ansi v0.0.0-20170206155736-9520e82c474b h1:j7+1HpAFS1zy5+Q4qx1fWh90gTKwiN4QCGoY9TWyyO4=
github.com/mgutz/ansi v0.0.0-20170206155736-9520e82c474b/go.mod h1:01TrycV0kFyexm33Z7vhZRXopbI8J3TDReVlkTgMUxE=
github.com/mitchellh/cli v1.0.0 h1:iGBIsUe3+HZ/AD/Vd7DErOt5sU9fa8Uj7A2s1aggv1Y=
github.com/mitchellh/cli v1.0.0/go.mod h1:hNIlj7HEI86fIcpObd7a0FcrxTWetlwJDGcceTlRvqc=
github.com/mitchellh/copystructure v1.0.0 h1:Laisrj+bAB6b/yJwB5Bt3ITZhGJdqmxquMKeZ+mmkFQ=
github.com/mitchellh/copystructure v1.0.0/go.mod h1:SNtv71yrdKgLRyLFxmLdkAbkKEFWgYaq1OVrnRcwhnw=
github.com/mitchellh/go-homedir v1.0.0 h1:vKb8ShqSby24Yrqr/yDYkuFz8d0WUjys40rvnGC8aR0=
github.com/mitchellh/go-homedir v1.0.0/go.mod h1:SfyaCUpYCn1Vlf4IUYiD9fPX4A5wJrkLzIz1N1q0pr0=
github.com/mitchellh/mapstructure v1.1.2 h1:fmNYVwqnSfB9mZU6OS2O6GsXM+wcskZDuKQzvN1EDeE=
github.com/mitchellh/mapstructure v1.1.2/go.mod h1:FVVH3fgwuzCH5S8UJGiWEs2h04kUh9fWfEaFds41c1Y=
github.com/mitchellh/reflectwalk v1.0.0 h1:9D+8oIskB4VJBN5SFlmc27fSlIBZaov1Wpk/IfikLNY=
github.com/mitchellh/reflectwalk v1.0.0/go.mod h1:mSTlrgnPZtwu0c4WaC2kGObEpuNDbx0jmZXqmk4esnw=
github.com/mwitkow/go-conntrack v0.0.0-20161129095857-cc309e4a2223 h1:F9x/1yl3T2AeKLr2AMdilSD8+f9bvMnNN8VS5iDtovc=
github.com/mwitkow/go-conntrack v0.0.0-20161129095857-cc309e4a2223/go.mod h1:qRWi+5nqEBWmkhHvq77mSJWrCKwh8bxhgT7d/eI7P4U=
github.com/nicksnyder/go-i18n v1.10.0 h1:5AzlPKvXBH4qBzmZ09Ua9Gipyruv6uApMcrNZdo96+Q=
github.com/nicksnyder/go-i18n v1.10.0/go.mod h1:HrK7VCrbOvQoUAQ7Vpy7i87N7JZZZ7R2xBGjv0j365Q=
github.com/olekukonko/tablewriter v0.0.1 h1:b3iUnf1v+ppJiOfNX4yxxqfWKMQPZR5yoh8urCTFX88=
github.com/olekukonko/tablewriter v0.0.1/go.mod h1:vsDQFd/mU46D+Z4whnwzcISnGGzXWMclvtLoiIKAKIo=
github.com/pelletier/go-toml v1.2.0 h1:T5zMGML61Wp+FlcbWjRDT7yAxhJNAiPPLOFECq181zc=
github.com/pelletier/go-toml v1.2.0/go.mod h1:5z9KED0ma1S8pY6P1sdut58dfprrGBbd/94hg7ilaic=
github.com/phayes/freeport v0.0.0-20180830031419-95f893ade6f2 h1:JhzVVoYvbOACxoUmOs6V/G4D5nPVUW73rKvXxP4XUJc=
github.com/phayes/freeport v0.0.0-20180830031419-95f893ade6f2/go.mod h1:iIss55rKnNBTvrwdmkUpLnDpZoAHvWaiq5+iMmen4AE=
github.com/pkg/errors v0.8.0/go.mod h1:bwawxfHBFNV+L2hUp1rHADufV3IMtnDRdf1r5NINEl0=
github.com/pkg/errors v0.8.1 h1:iURUrRGxPUNPdy5/HRSm+Yj6okJ6UtLINN0Q9M4+h3I=
github.com/pkg/errors v0.8.1/go.mod h1:bwawxfHBFNV+L2hUp1rHADufV3IMtnDRdf1r5NINEl0=
github.com/pkg/term v0.0.0-20181103235908-93e6c9149309/go.mod h1:eCbImbZ95eXtAUIbLAuAVnBnwf83mjf6QIVH8SHYwqQ=
github.com/pkg/term v0.0.0-20181116001808-27bbf2edb814 h1:qWlKm6sU/AyVAgBC1Pg1uuY/X/p4lNYG7t4v8/f4FJE=
github.com/pkg/term v0.0.0-20181116001808-27bbf2edb814/go.mod h1:eCbImbZ95eXtAUIbLAuAVnBnwf83mjf6QIVH8SHYwqQ=
github.com/pmezard/go-difflib v1.0.0 h1:4DBwDE0NGyQoBHbLQYPwSUPoCMWR5BEzIk/f1lZbAQM=
github.com/pmezard/go-difflib v1.0.0/go.mod h1:iKH77koFhYxTK1pcRnkKkqfTogsbg7gZNVY4sRDYZ/4=
github.com/posener/complete v1.1.1 h1:ccV59UEOTzVDnDUEFdT95ZzHVZ+5+158q8+SJb2QV5w=
github.com/posener/complete v1.1.1/go.mod h1:em0nMJCgc9GFtwrmVmEMR/ZL6WyhyjMBndrE9hABlRI=
github.com/rakyll/statik v0.1.5/go.mod h1:OEi9wJV/fMUAGx1eNjq75DKDsJVuEv1U0oYdX6GX8Zs=
github.com/rakyll/statik v0.1.6 h1:uICcfUXpgqtw2VopbIncslhAmE5hwc4g20TEyEENBNs=
github.com/rakyll/statik v0.1.6/go.mod h1:OEi9wJV/fMUAGx1eNjq75DKDsJVuEv1U0oYdX6GX8Zs=
github.com/rs/cors v1.6.0 h1:G9tHG9lebljV9mfp9SNPDL36nCDxmo3zTlAf1YgvzmI=
github.com/rs/cors v1.6.0/go.mod h1:gFx+x8UowdsKA9AchylcLynDq+nNFfI8FkUZdN/jGCU=
github.com/spf13/afero v1.1.2/go.mod h1:j4pytiNVoe2o6bmDsKpLACNPDBIoEAkihy7loJ1B0CQ=
github.com/spf13/afero v1.2.2 h1:5jhuqJyZCZf2JRofRvN/nIFgIWNzPa3/Vz8mYylgbWc=
github.com/spf13/afero v1.2.2/go.mod h1:9ZxEEn6pIJ8Rxe320qSDBk6AsU0r9pR7Q4OcevTdifk=
github.com/spf13/cast v1.3.0 h1:oget//CVOEoFewqQxwr0Ej5yjygnqGkvggSE/gB35Q8=
github.com/spf13/cast v1.3.0/go.mod h1:Qx5cxh0v+4UWYiBimWS+eyWzqEqokIECu5etghLkUJE=
github.com/spf13/jwalterweatherman v1.0.0 h1:XHEdyB+EcvlqZamSM4ZOMGlc93t6AcsBEu9Gc1vn7yk=
github.com/spf13/jwalterweatherman v1.0.0/go.mod h1:cQK4TGJAtQXfYWX+Ddv3mKDzgVb68N+wFjFa4jdeBTo=
github.com/spf13/pflag v1.0.3 h1:zPAT6CGy6wXeQ7NtTnaTerfKOsV6V6F8agHXFiazDkg=
github.com/spf13/pflag v1.0.3/go.mod h1:DYY7MBk1bdzusC3SYhjObp+wFpr4gzcvqqNjLnInEg4=
github.com/spf13/viper v1.3.1 h1:5+8j8FTpnFV4nEImW/ofkzEt8VoOiLXxdYIDsB73T38=
github.com/spf13/viper v1.3.1/go.mod h1:ZiWeW+zYFKm7srdB9IoDzzZXaJaI5eL9QjNiN/DMA2s=
github.com/stretchr/objx v0.1.0/go.mod h1:HFkY916IF+rwdDfMAkV7OtwuqBVzrE8GR6GFx+wExME=
github.com/stretchr/testify v1.2.2/go.mod h1:a8OnRcib4nhh0OaRAV+Yts87kKdq0PP7pXfy6kDkUVs=
github.com/stretchr/testify v1.3.0 h1:TivCn/peBQ7UY8ooIcPgZFpTNSz0Q2U6UrFlUfqbe0Q=
github.com/stretchr/testify v1.3.0/go.mod h1:M5WIy9Dh21IEIfnGCwXGc5bZfKNJtfHm1UVUgZn+9EI=
github.com/tj/go-spin v1.1.0 h1:lhdWZsvImxvZ3q1C5OIB7d72DuOwP4O2NdBg9PyzNds=
github.com/tj/go-spin v1.1.0/go.mod h1:Mg1mzmePZm4dva8Qz60H2lHwmJ2loum4VIrLgVnKwh4=
github.com/tsenart/deadcode v0.0.0-20160724212837-210d2dc333e9 h1:vY5WqiEon0ZSTGM3ayVVi+twaHKHDFUVloaQ/wug9/c=
github.com/tsenart/deadcode v0.0.0-20160724212837-210d2dc333e9/go.mod h1:q+QjxYvZ+fpjMXqs+XEriussHjSYqeXVnAdSV1tkMYk=
github.com/ugorji/go/codec v0.0.0-20181204163529-d75b2dcb6bc8/go.mod h1:VFNgLljTbGfSG7qAOspJ7OScBnGdDN/yBr0sguwnwf0=
github.com/xordataexchange/crypt v0.0.3-0.20170626215501-b2862e3d0a77/go.mod h1:aYKd//L2LvnjZzWKhF00oedf4jCCReLcmhLdhm1A27Q=
github.com/zchee/go-xdgbasedir v1.0.3 h1:loLl3qosOHcMSCtV9ciISdjEQuXcj56BYccRNBvQKDY=
github.com/zchee/go-xdgbasedir v1.0.3/go.mod h1:Ta5nXXeucstQZw/DpFneOcG3OF8i3pxPTqda2w+nyc8=
go.uber.org/goleak v0.10.0 h1:G3eWbSNIskeRqtsN/1uI5B+eP73y3JUuBsv9AZjehb4=
go.uber.org/goleak v0.10.0/go.mod h1:VCZuO8V8mFPlL0F5J5GK1rtHV3DrFcQ1R8ryq7FK0aI=
golang.org/x/crypto v0.0.0-20181203042331-505ab145d0a9/go.mod h1:6SG95UA2DQfeDnfUPMdvaQW0Q7yPrPDi9nlGo2tz2b4=
golang.org/x/crypto v0.0.0-20190222235706-ffb98f73852f/go.mod h1:6SG95UA2DQfeDnfUPMdvaQW0Q7yPrPDi9nlGo2tz2b4=
golang.org/x/crypto v0.0.0-20190308221718-c2843e01d9a2 h1:VklqNMn3ovrHsnt90PveolxSbWFaJdECFbxSq0Mqo2M=
golang.org/x/crypto v0.0.0-20190308221718-c2843e01d9a2/go.mod h1:djNgcEr1/C05ACkg1iLfiJU5Ep61QUkGW8qpdssI0+w=
golang.org/x/exp v0.0.0-20190121172915-509febef88a4/go.mod h1:CJ0aWSM057203Lf6IL+f9T1iT9GByDxfZKAQTCR3kQA=
golang.org/x/lint v0.0.0-20180702182130-06c8688daad7/go.mod h1:UVdnD1Gm6xHRNCYTkRU2/jEulfH38KcIWyp/GAMgvoE=
golang.org/x/lint v0.0.0-20181026193005-c67002cb31c3/go.mod h1:UVdnD1Gm6xHRNCYTkRU2/jEulfH38KcIWyp/GAMgvoE=
golang.org/x/lint v0.0.0-20190227174305-5b3e6a55c961/go.mod h1:wehouNa3lNwaWXcvxsM5YxQ5yQlVC4a0KAMCusXpPoU=
golang.org/x/lint v0.0.0-20190313153728-d0100b6bd8b3/go.mod h1:6SW0HCj/g11FgYtHlgUYUwCkIfeOF89ocIRzGO/8vkc=
golang.org/x/lint v0.0.0-20190409202823-959b441ac422 h1:QzoH/1pFpZguR8NrRHLcO6jKqfv2zpuSqZLgdm7ZmjI=
golang.org/x/lint v0.0.0-20190409202823-959b441ac422/go.mod h1:6SW0HCj/g11FgYtHlgUYUwCkIfeOF89ocIRzGO/8vkc=
golang.org/x/net v0.0.0-20180530234432-1e491301e022/go.mod h1:mL1N/T3taQHkDXs73rZJwtUhF3w3ftmwwsq0BUmARs4=
golang.org/x/net v0.0.0-20180724234803-3673e40ba225/go.mod h1:mL1N/T3taQHkDXs73rZJwtUhF3w3ftmwwsq0BUmARs4=
golang.org/x/net v0.0.0-20180826012351-8a410e7b638d/go.mod h1:mL1N/T3taQHkDXs73rZJwtUhF3w3ftmwwsq0BUmARs4=
golang.org/x/net v0.0.0-20181106065722-10aee1819953/go.mod h1:mL1N/T3taQHkDXs73rZJwtUhF3w3ftmwwsq0BUmARs4=
golang.org/x/net v0.0.0-20181201002055-351d144fa1fc/go.mod h1:mL1N/T3taQHkDXs73rZJwtUhF3w3ftmwwsq0BUmARs4=
golang.org/x/net v0.0.0-20190213061140-3a22650c66bd/go.mod h1:mL1N/T3taQHkDXs73rZJwtUhF3w3ftmwwsq0BUmARs4=
golang.org/x/net v0.0.0-20190311183353-d8887717615a/go.mod h1:t9HGtf8HONx5eT2rtn7q6eTqICYqUVnKs3thJo3Qplg=
golang.org/x/net v0.0.0-20190501004415-9ce7a6920f09 h1:KaQtG+aDELoNmXYas3TVkGNYRuq8JQ1aa7LJt8EXVyo=
golang.org/x/net v0.0.0-20190501004415-9ce7a6920f09/go.mod h1:t9HGtf8HONx5eT2rtn7q6eTqICYqUVnKs3thJo3Qplg=
golang.org/x/oauth2 v0.0.0-20180821212333-d2e6202438be/go.mod h1:N/0e6XlmueqKjAGxoOufVs8QHGRruUQn6yWY3a++T0U=
golang.org/x/sync v0.0.0-20180314180146-1d60e4601c6f/go.mod h1:RxMgew5VJxzue5/jJTE5uejpjVlOe/izrB70Jof72aM=
golang.org/x/sync v0.0.0-20181108010431-42b317875d0f/go.mod h1:RxMgew5VJxzue5/jJTE5uejpjVlOe/izrB70Jof72aM=
golang.org/x/sync v0.0.0-20181221193216-37e7f081c4d4/go.mod h1:RxMgew5VJxzue5/jJTE5uejpjVlOe/izrB70Jof72aM=
golang.org/x/sync v0.0.0-20190227155943-e225da77a7e6/go.mod h1:RxMgew5VJxzue5/jJTE5uejpjVlOe/izrB70Jof72aM=
golang.org/x/sync v0.0.0-20190423024810-112230192c58 h1:8gQV6CLnAEikrhgkHFbMAEhagSSnXWGV915qUMm9mrU=
golang.org/x/sync v0.0.0-20190423024810-112230192c58/go.mod h1:RxMgew5VJxzue5/jJTE5uejpjVlOe/izrB70Jof72aM=
golang.org/x/sys v0.0.0-20180823144017-11551d06cbcc/go.mod h1:STP8DvDyc/dI5b8T5hshtkjS+E42TnysNCUPdjciGhY=
golang.org/x/sys v0.0.0-20180830151530-49385e6e1522/go.mod h1:STP8DvDyc/dI5b8T5hshtkjS+E42TnysNCUPdjciGhY=
golang.org/x/sys v0.0.0-20181116161606-93218def8b18/go.mod h1:STP8DvDyc/dI5b8T5hshtkjS+E42TnysNCUPdjciGhY=
golang.org/x/sys v0.0.0-20181122145206-62eef0e2fa9b/go.mod h1:STP8DvDyc/dI5b8T5hshtkjS+E42TnysNCUPdjciGhY=
golang.org/x/sys v0.0.0-20181205085412-a5c9d58dba9a/go.mod h1:STP8DvDyc/dI5b8T5hshtkjS+E42TnysNCUPdjciGhY=
golang.org/x/sys v0.0.0-20190215142949-d0b11bdaac8a/go.mod h1:STP8DvDyc/dI5b8T5hshtkjS+E42TnysNCUPdjciGhY=
golang.org/x/sys v0.0.0-20190222072716-a9d3bda3a223/go.mod h1:STP8DvDyc/dI5b8T5hshtkjS+E42TnysNCUPdjciGhY=
golang.org/x/sys v0.0.0-20190222171317-cd391775e71e/go.mod h1:STP8DvDyc/dI5b8T5hshtkjS+E42TnysNCUPdjciGhY=
golang.org/x/sys v0.0.0-20190429190828-d89cdac9e872 h1:cGjJzUd8RgBw428LXP65YXni0aiGNA4Bl+ls8SmLOm8=
golang.org/x/sys v0.0.0-20190429190828-d89cdac9e872/go.mod h1:h1NjWce9XRLGQEsW7wpKNCjG9DtNlClVuFLEZdDNbEs=
golang.org/x/text v0.3.0/go.mod h1:NqM8EUOU14njkJ3fqMW+pc6Ldnwhi/IjpwHt7yyuwOQ=
golang.org/x/text v0.3.1-0.20180807135948-17ff2d5776d2/go.mod h1:NqM8EUOU14njkJ3fqMW+pc6Ldnwhi/IjpwHt7yyuwOQ=
golang.org/x/text v0.3.2 h1:tW2bmiBqwgJj/UpqtC8EpXEZVYOwU0yG4iWbprSVAcs=
golang.org/x/text v0.3.2/go.mod h1:bEr9sfX3Q8Zfm5fL9x+3itogRgK3+ptLWKqgva+5dAk=
golang.org/x/tools v0.0.0-20180828015842-6cd1fcedba52/go.mod h1:n7NCudcB/nEzxVGmLbDWY5pfWTLqBcC2KZ6jyYvM4mQ=
golang.org/x/tools v0.0.0-20180917221912-90fa682c2a6e/go.mod h1:n7NCudcB/nEzxVGmLbDWY5pfWTLqBcC2KZ6jyYvM4mQ=
golang.org/x/tools v0.0.0-20181122213734-04b5d21e00f1/go.mod h1:n7NCudcB/nEzxVGmLbDWY5pfWTLqBcC2KZ6jyYvM4mQ=
golang.org/x/tools v0.0.0-20190114222345-bf090417da8b/go.mod h1:n7NCudcB/nEzxVGmLbDWY5pfWTLqBcC2KZ6jyYvM4mQ=
golang.org/x/tools v0.0.0-20190226205152-f727befe758c/go.mod h1:9Yl7xja0Znq3iFh3HoIrodX9oNMXvdceNzlUR8zjMvY=
golang.org/x/tools v0.0.0-20190311212946-11955173bddd/go.mod h1:LCzVGOaR6xXOjkQ3onu1FJEFr0SW1gC7cKk1uF8kGRs=
golang.org/x/tools v0.0.0-20190501045030-23463209683d h1:D7DVZUZEUgsSIDTivnUtVeGfN5AvhDIKtdIZAqx0ieE=
golang.org/x/tools v0.0.0-20190501045030-23463209683d/go.mod h1:RgjU9mgBXZiqYHBnxXauZ1Gv1EHHAz9KjViQ78xBX0Q=
google.golang.org/appengine v1.1.0/go.mod h1:EbEs0AVv82hx2wNQdGPgUI5lhzA/G0D9YwlJXL52JkM=
google.golang.org/appengine v1.4.0/go.mod h1:xpcJRLb0r/rnEns0DIKYYv+WjYCduHsrkT7/EB5XEv4=
google.golang.org/genproto v0.0.0-20170818100345-ee236bd376b0/go.mod h1:JiN7NxoALGmiZfu7CAH4rXhgtRTLTxftemlI0sWmxmc=
google.golang.org/genproto v0.0.0-20180817151627-c66870c02cf8/go.mod h1:JiN7NxoALGmiZfu7CAH4rXhgtRTLTxftemlI0sWmxmc=
google.golang.org/genproto v0.0.0-20190219182410-082222b4a5c5/go.mod h1:L3J43x8/uS+qIUoksaLKe6OS3nUKxOKuIFz1sl2/jx4=
google.golang.org/genproto v0.0.0-20190425155659-357c62f0e4bb h1:i1Ppqkc3WQXikh8bXiwHqAN5Rv3/qDCcRk0/Otx73BY=
google.golang.org/genproto v0.0.0-20190425155659-357c62f0e4bb/go.mod h1:VzzqZJRnGkLBvHegQrXjBqPurQTc5/KpmUdxsrq26oE=
google.golang.org/grpc v1.8.0/go.mod h1:yo6s7OP7yaDglbqo1J04qKzAhqBH6lvTonzMVmEdcZw=
google.golang.org/grpc v1.16.0/go.mod h1:0JHn/cJsOMiMfNA9+DeHDlAU7KAAB5GDlYFpa9MZMio=
google.golang.org/grpc v1.18.0/go.mod h1:6QZJwpn2B+Zp71q/5VxRsJ6NXXVCE5NRUHRo+f3cWCs=
google.golang.org/grpc v1.19.0/go.mod h1:mqu4LbDTu4XGKhr4mRzUsmM4RtVoemTSY81AxZiDr8c=
google.golang.org/grpc v1.20.1 h1:Hz2g2wirWK7H0qIIhGIqRGTuMwTE8HEKFnDZZ7lm9NU=
google.golang.org/grpc v1.20.1/go.mod h1:10oTOabMzJvdu6/UiuZezV6QK5dSlG84ov/aaiqXj38=
gopkg.in/AlecAivazis/survey.v1 v1.6.3 h1:5ULq/dOAZJZxz8kPV3sI8HHjluXi3k62fUtkTbBzPy8=
gopkg.in/AlecAivazis/survey.v1 v1.6.3/go.mod h1:2Ehl7OqkBl3Xb8VmC4oFW2bItAhnUfzIjrOzwRxCrOU=
gopkg.in/alecthomas/kingpin.v3-unstable v3.0.0-20180810215634-df19058c872c h1:vTxShRUnK60yd8DZU+f95p1zSLj814+5CuEh7NjF2/Y=
gopkg.in/alecthomas/kingpin.v3-unstable v3.0.0-20180810215634-df19058c872c/go.mod h1:3HH7i1SgMqlzxCcBmUHW657sD4Kvv9sC3HpL3YukzwA=
gopkg.in/check.v1 v0.0.0-20161208181325-20d25e280405/go.mod h1:Co6ibVJAznAaIkqp8huTwlJQCZ016jof/cbN4VW5Yz0=
gopkg.in/check.v1 v1.0.0-20180628173108-788fd7840127 h1:qIbj1fsPNlZgppZ+VLlY7N33q108Sa+fhmuc+sWQYwY=
gopkg.in/check.v1 v1.0.0-20180628173108-788fd7840127/go.mod h1:Co6ibVJAznAaIkqp8huTwlJQCZ016jof/cbN4VW5Yz0=
gopkg.in/yaml.v2 v2.2.2 h1:ZCJp+EgiOT7lHqUV2J862kp8Qj64Jo6az82+3Td9dZw=
gopkg.in/yaml.v2 v2.2.2/go.mod h1:hI93XBmqTisBFMUTm0b8Fm+jr3Dg1NNxqwp+5A1VGuI=
honnef.co/go/tools v0.0.0-20180728063816-88497007e858/go.mod h1:rf3lG4BRIbNafJWhAfAdb/ePZxsR/4RtNHQocxwk9r4=
honnef.co/go/tools v0.0.0-20190102054323-c2f93a96b099/go.mod h1:rf3lG4BRIbNafJWhAfAdb/ePZxsR/4RtNHQocxwk9r4=
