# This file is autogenerated, do not edit; changes may be undone by the next 'dep ensure'.


[[projects]]
  digest = "1:eef8210380ea673503a5896d00df18c6a39cd8602213a44007976d6bf35b8ebc"
  name = "github.com/AlecAivazis/survey"
  packages = ["."]
  pruneopts = "UT"
  revision = "f30c5d1830c892f533140f29a1de89141dc217f5"
  version = "v1.6.2"

[[projects]]
  digest = "1:b16fbfbcc20645cb419f78325bb2e85ec729b338e996a228124d68931a6f2a37"
  name = "github.com/BurntSushi/toml"
  packages = ["."]
  pruneopts = "UT"
  revision = "b26d9c308763d68093482582cea63d69be07a0f0"
  version = "v0.3.0"

[[projects]]
  digest = "1:b4c04f223f2d4545cbada676c21e2af1fbbe4a57b24900f8d6e1fc1c3b494144"
  name = "github.com/c-bata/go-prompt"
  packages = ["."]
  pruneopts = "UT"
  revision = "2f3ee57cf5d006ef778e5fab923ed0022eba2168"

[[projects]]
  digest = "1:ffe9824d294da03b391f44e1ae8281281b4afc1bdaa9588c9097785e3af10cec"
  name = "github.com/davecgh/go-spew"
  packages = ["spew"]
  pruneopts = "UT"
  revision = "8991bc29aa16c548c550c7ff78260e27b9ab7c73"
  version = "v1.1.1"

[[projects]]
  digest = "1:865079840386857c809b72ce300be7580cb50d3d3129ce11bf9aa6ca2bc1934a"
  name = "github.com/fatih/color"
  packages = ["."]
  pruneopts = "UT"
  revision = "5b77d2a35fb0ede96d138fc9a99f5c9b6aef11b4"
  version = "v1.7.0"

[[projects]]
  digest = "1:36ec276c7f6fad2a465e547cd936266ab57f73cf350f261608592004ab331248"
  name = "github.com/golang/protobuf"
  packages = [
    "jsonpb",
    "proto",
    "protoc-gen-go/descriptor",
    "protoc-gen-go/plugin",
    "ptypes",
    "ptypes/any",
    "ptypes/duration",
    "ptypes/empty",
    "ptypes/struct",
    "ptypes/timestamp",
    "ptypes/wrappers",
  ]
  pruneopts = "UT"
  revision = "aa810b61a9c79d51363740d207bb46cf8e620ed5"
  version = "v1.2.0"

[[projects]]
  digest = "1:51bee9f1987dcdb9f9a1b4c20745d78f6bf6f5f14ad4e64ca883eb64df4c0045"
  name = "github.com/google/go-github"
  packages = ["github"]
  pruneopts = "UT"
  revision = "e48060a28fac52d0f1cb758bc8b87c07bac4a87d"
  version = "v15.0.0"

[[projects]]
  branch = "master"
  digest = "1:a63cff6b5d8b95638bfe300385d93b2a6d9d687734b863da8e09dc834510a690"
  name = "github.com/google/go-querystring"
  packages = ["query"]
  pruneopts = "UT"
  revision = "53e6ce116135b80d037921a7fdd5138cf32d7a8a"

[[projects]]
  digest = "1:cee8e8ac80df6373e7daa11baf1f98c1b6f7242c49ccae7e1ec34a971dc408d9"
  name = "github.com/gorilla/websocket"
  packages = ["."]
  pruneopts = "UT"
  revision = "3ff3320c2a1756a3691521efc290b4701575147c"
  version = "v1.3.0"

[[projects]]
  digest = "1:0ade334594e69404d80d9d323445d2297ff8161637f9b2d347cc6973d2d6f05b"
  name = "github.com/hashicorp/errwrap"
  packages = ["."]
  pruneopts = "UT"
  revision = "8a6fb523712970c966eefc6b39ed2c5e74880354"
  version = "v1.0.0"

[[projects]]
  branch = "master"
  digest = "1:f668349b83f7d779567c880550534addeca7ebadfdcf44b0b9c39be61864b4b7"
  name = "github.com/hashicorp/go-multierror"
  packages = ["."]
  pruneopts = "UT"
  revision = "886a7fbe3eb1c874d46f623bfa70af45f425b3d1"

[[projects]]
  digest = "1:227ab1432a0894412b3e2c78412c3d5bbaaeb5829a89e92407498dddc5f736ec"
  name = "github.com/improbable-eng/grpc-web"
  packages = ["go/grpcweb"]
  pruneopts = "UT"
  revision = "72eb701d6f320ca324b3347c7925a720b553eae5"
  version = "0.6.2"

[[projects]]
  branch = "master"
  digest = "1:f3b0cfd42716269884bf06df5d5be9e54161d5af0a2f0ccca08717928dd45fc5"
  name = "github.com/inconshreveable/go-update"
  packages = [
    ".",
    "internal/binarydist",
    "internal/osext",
  ]
  pruneopts = "UT"
  revision = "8152e7eb6ccf8679a64582a66b78519688d156ad"

[[projects]]
  branch = "master"
  digest = "1:7a5fe270dc0f6c1c29444e997552cf6ad621de262f0d87c3dbc4d3f1739b27b6"
  name = "github.com/jhump/protoreflect"
  packages = [
    "desc",
    "desc/internal",
    "desc/protoparse",
    "dynamic",
    "grpcreflect",
    "internal",
  ]
  pruneopts = "UT"
  revision = "95c5cbbeaee7fe3c2b5ecf0a163144140dfb4d61"

[[projects]]
  branch = "master"
  digest = "1:400e113a367b511b9b09ca642ee11d9885485a93838526d697033af334a2fdde"
  name = "github.com/kballard/go-shellquote"
  packages = ["."]
  pruneopts = "UT"
  revision = "95032a82bc518f77982ea72343cc1ade730072f0"

[[projects]]
  digest = "1:edbef42561faa44c19129b68d1e109fbc1647f63239250391eadc8d0e7c9f669"
  name = "github.com/kelseyhightower/envconfig"
  packages = ["."]
  pruneopts = "UT"
  revision = "f611eb38b3875cc3bd991ca91c51d06446afa14c"
  version = "v1.3.0"

[[projects]]
  branch = "master"
  digest = "1:2ba53d952aa401803af84634b975c7d0132cc018185d7569bbc002e56541fcf8"
  name = "github.com/ktr0731/go-configure"
  packages = ["."]
  pruneopts = "UT"
  revision = "37d89cb5546f3e3f28142a781ea345e42b32d50c"

[[projects]]
  branch = "master"
  digest = "1:e5048c5da80697be2fcdecc944e29d2999e01fd7f48b643168443209779f3463"
  name = "github.com/ktr0731/go-multierror"
  packages = ["."]
  pruneopts = "UT"
  revision = "b7773ae218740a7be65057fc60b366a49b538a44"

[[projects]]
  branch = "master"
  digest = "1:db4d303d10afbe9911f8a7719156ef015f2accd593189a573b5992a678dd7982"
  name = "github.com/ktr0731/go-semver"
  packages = ["."]
  pruneopts = "UT"
  revision = "5eaff990ec41aa33855f711d44896eb801b13536"

[[projects]]
  branch = "master"
  digest = "1:e1ea8bb26c4b51f50048ecd4b836017f4d87160a42a1190b6953761b79bd9efc"
  name = "github.com/ktr0731/go-shellstring"
  packages = ["."]
  pruneopts = "UT"
  revision = "1b2bf0a2055df1a9cbea8f57e1d8cb96a6b1086e"

[[projects]]
  digest = "1:bb79a865ba09dd0d8d709e005982d0b8f183f2f4fdff914d464e4ec242f1da85"
  name = "github.com/ktr0731/go-updater"
  packages = [
    ".",
    "brew",
    "github",
  ]
  pruneopts = "UT"
  revision = "9baaa64c414e3a13a61d23bb5e8408655ceaacb7"
  version = "0.1.3"

[[projects]]
  digest = "1:f103cc3f00b87c4309d3a7e0bcf774bd4b3f1c091521d138faa33515352c7504"
  name = "github.com/ktr0731/grpc-web-go-client"
  packages = [
    "grpcweb",
    "grpcweb/grpcweb_reflection_v1alpha",
  ]
  pruneopts = "UT"
  revision = "7b22934fe7c82df6383043eed758fc25ffb5282c"
  version = "0.2.2"

[[projects]]
  branch = "master"
  digest = "1:5e93b3329b682fa69aa0ba0ba3caa9fd8151f9493c5c877a8253fa2c8e4e69e6"
  name = "github.com/ktr0731/mapstruct"
  packages = ["."]
  pruneopts = "UT"
  revision = "4305d7dc7988339588a1ec4591c2d8dac73ce095"

[[projects]]
  digest = "1:c658e84ad3916da105a761660dcaeb01e63416c8ec7bc62256a9b411a05fcd67"
  name = "github.com/mattn/go-colorable"
  packages = ["."]
  pruneopts = "UT"
  revision = "167de6bfdfba052fa6b2d3664c8f5272e23c9072"
  version = "v0.0.9"

[[projects]]
  digest = "1:d4d17353dbd05cb52a2a52b7fe1771883b682806f68db442b436294926bbfafb"
  name = "github.com/mattn/go-isatty"
  packages = ["."]
  pruneopts = "UT"
  revision = "0360b2af4f38e8d38c7fce2a9f4e702702d73a39"
  version = "v0.0.3"

[[projects]]
  branch = "master"
  digest = "1:ec6d80e0622e6d95e40b76936f13d28dd5d88635968a7cc87bf4c737237e13e9"
  name = "github.com/mattn/go-pipeline"
  packages = ["."]
  pruneopts = "UT"
  revision = "cfb87a531e2beb376fe3ce94a6dfef7956d33bc7"

[[projects]]
  digest = "1:cdb899c199f907ac9fb50495ec71212c95cb5b0e0a8ee0800da0238036091033"
  name = "github.com/mattn/go-runewidth"
  packages = ["."]
  pruneopts = "UT"
  revision = "ce7b0b5c7b45a81508558cd1dba6bb1e4ddb51bb"
  version = "v0.0.3"

[[projects]]
  digest = "1:7efe48dea4db6b35dcc15e15394b627247e5b3fb814242de986b746ba8e0abf0"
  name = "github.com/mattn/go-shellwords"
  packages = ["."]
  pruneopts = "UT"
  revision = "02e3cf038dcea8290e44424da473dd12be796a8a"
  version = "v1.0.3"

[[projects]]
  branch = "master"
  digest = "1:d775613e6db40f54d34cc8b319ee5c2df56752f9f5e55e2f6004d11684bdc8fd"
  name = "github.com/mattn/go-tty"
  packages = ["."]
  pruneopts = "UT"
  revision = "931426f7535ac39720c8909d70ece5a41a2502a6"

[[projects]]
  branch = "master"
  digest = "1:2b32af4d2a529083275afc192d1067d8126b578c7a9613b26600e4df9c735155"
  name = "github.com/mgutz/ansi"
  packages = ["."]
  pruneopts = "UT"
  revision = "9520e82c474b0a04dd04f8a40959027271bab992"

[[projects]]
  digest = "1:09ca328575f38b80969ccf857f6d7302f2ce09d53778ea7aaba526cfd2cec739"
  name = "github.com/mitchellh/copystructure"
  packages = ["."]
  pruneopts = "UT"
  revision = "9a1b6f44e8da0e0e374624fb0a825a231b00c537"
  version = "v1.0.0"

[[projects]]
  branch = "master"
  digest = "1:78bbb1ba5b7c3f2ed0ea1eab57bdd3859aec7e177811563edc41198a760b06af"
  name = "github.com/mitchellh/go-homedir"
  packages = ["."]
  pruneopts = "UT"
  revision = "ae18d6b8b3205b561c79e8e5f69bff09736185f4"

[[projects]]
  branch = "master"
  digest = "1:645110e089152bd0f4a011a2648fbb0e4df5977be73ca605781157ac297f50c4"
  name = "github.com/mitchellh/mapstructure"
  packages = ["."]
  pruneopts = "UT"
  revision = "fa473d140ef3c6adf42d6b391fe76707f1f243c8"

[[projects]]
  digest = "1:bcc07ad6f62e6d8958692ff89c8ac1c64eb92de66330f98b7e9bdb72cc017a84"
  name = "github.com/mitchellh/reflectwalk"
  packages = ["."]
  pruneopts = "UT"
  revision = "eecee6c969c02c8cc2ae48e1e269843ae8590796"
  version = "v1.0.0"

[[projects]]
  branch = "master"
  digest = "1:4daa045e1e1f3e23f4b07db6880cdf9f259dab65312dfe244a878e6070faaf77"
  name = "github.com/olekukonko/tablewriter"
  packages = ["."]
  pruneopts = "UT"
  revision = "d4647c9c7a84d847478d890b816b7d8b62b0b279"

[[projects]]
  digest = "1:95741de3af260a92cc5c7f3f3061e85273f5a81b5db20d4bd68da74bd521675e"
  name = "github.com/pelletier/go-toml"
  packages = ["."]
  pruneopts = "UT"
  revision = "c01d1270ff3e442a8a57cddc1c92dc1138598194"
  version = "v1.2.0"

[[projects]]
  digest = "1:40e195917a951a8bf867cd05de2a46aaf1806c50cf92eebf4c16f78cd196f747"
  name = "github.com/pkg/errors"
  packages = ["."]
  pruneopts = "UT"
  revision = "645ef00459ed84a119197bfb8d8205042c6df63d"
  version = "v0.8.0"

[[projects]]
  branch = "master"
  digest = "1:4f43b3c1b7e44980a5f3c593f8bf0e18844dc44f451a071c93e77e28cf990db6"
  name = "github.com/pkg/term"
  packages = ["termios"]
  pruneopts = "UT"
  revision = "bffc007b7fd5a70e20e28f5b7649bb84671ef436"

[[projects]]
  digest = "1:0028cb19b2e4c3112225cd871870f2d9cf49b9b4276531f03438a88e94be86fe"
  name = "github.com/pmezard/go-difflib"
  packages = ["difflib"]
  pruneopts = "UT"
  revision = "792786c7400a136282c1664665ae0a8db921c6c2"
  version = "v1.0.0"

[[projects]]
  digest = "1:0b8dd7447e420afff0260179dc892711e837edd1d446bc78dab924624a3c3c81"
  name = "github.com/rs/cors"
  packages = ["."]
  pruneopts = "UT"
  revision = "3fb1b69b103a84de38a19c3c6ec073dd6caa4d3f"
  version = "v1.5.0"

[[projects]]
  digest = "1:c40d65817cdd41fac9aa7af8bed56927bb2d6d47e4fea566a74880f5c2b1c41e"
  name = "github.com/stretchr/testify"
  packages = [
    "assert",
    "require",
  ]
  pruneopts = "UT"
  revision = "f35b8ab0b5a2cef36673838d662e249dd9c94686"
  version = "v1.2.2"

[[projects]]
  digest = "1:da8d4acfde6ab8378152320f96377912e81200e5ac65232a22782163a710e5a4"
  name = "github.com/tj/go-spin"
  packages = ["."]
  pruneopts = "UT"
  revision = "30574f5fadef1aa5c61d4c42e936785af9f03ada"
  version = "v1.1.0"

[[projects]]
  digest = "1:3c1a69cdae3501bf75e76d0d86dc6f2b0a7421bc205c0cb7b96b19eed464a34d"
  name = "go.uber.org/atomic"
  packages = ["."]
  pruneopts = "UT"
  revision = "1ea20fb1cbb1cc08cbd0d913a96dead89aa18289"
  version = "v1.3.2"

[[projects]]
  digest = "1:24f85e10db870aad266d1983b96d99294f470f8e99e72d803583139446d4cf63"
  name = "go.uber.org/config"
  packages = [
    ".",
    "internal/merge",
    "internal/unreachable",
  ]
  pruneopts = "UT"
  revision = "c9c3d11a88c1a266ced73d92e22e1d36d2bc2ed6"
  version = "v1.3.1"

[[projects]]
  digest = "1:9a1bb99a85e2ccddbc593aa0af084cdf6ea18ed081469eb90e7f6d0d303af6cd"
  name = "go.uber.org/goleak"
  packages = [
    ".",
    "internal/stack",
  ]
  pruneopts = "UT"
  revision = "1ac8aeca0a53163331564467638f6ffb639636bf"
  version = "v0.10.0"

[[projects]]
  digest = "1:60bf2a5e347af463c42ed31a493d817f8a72f102543060ed992754e689805d1a"
  name = "go.uber.org/multierr"
  packages = ["."]
  pruneopts = "UT"
  revision = "3c4937480c32f4c13a875a1829af76c98ca3d40a"
  version = "v1.1.0"

[[projects]]
  branch = "master"
  digest = "1:deafe4ab271911fec7de5b693d7faae3f38796d9eb8622e2b9e7df42bb3dfea9"
  name = "golang.org/x/net"
  packages = [
    "context",
    "http/httpguts",
    "http2",
    "http2/hpack",
    "idna",
    "internal/timeseries",
    "trace",
  ]
  pruneopts = "UT"
  revision = "8a410e7b638dca158bf9e766925842f6651ff828"

[[projects]]
  branch = "master"
  digest = "1:19f92ce03256cc8a4467054842ec81f081985becd92bbc443e7604dfe801e6a8"
  name = "golang.org/x/sys"
  packages = ["unix"]
  pruneopts = "UT"
  revision = "4910a1d54f876d7b22162a85f4d066d3ee649450"

[[projects]]
  digest = "1:a2ab62866c75542dd18d2b069fec854577a20211d7c0ea6ae746072a1dccdd18"
  name = "golang.org/x/text"
  packages = [
    "collate",
    "collate/build",
    "internal/colltab",
    "internal/gen",
    "internal/tag",
    "internal/triegen",
    "internal/ucd",
    "language",
    "secure/bidirule",
    "transform",
    "unicode/bidi",
    "unicode/cldr",
    "unicode/norm",
    "unicode/rangetable",
  ]
  pruneopts = "UT"
  revision = "f21a4dfb5e38f5895301dc265a8def02365cc3d0"
  version = "v0.3.0"

[[projects]]
  branch = "master"
  digest = "1:ab11721a90df25da2937208eda96742dac072cbda62ad841ea32b6ddc997d71f"
  name = "google.golang.org/genproto"
  packages = [
    "googleapis/rpc/status",
    "protobuf/api",
    "protobuf/field_mask",
    "protobuf/ptype",
    "protobuf/source_context",
  ]
  pruneopts = "UT"
  revision = "c66870c02cf823ceb633bcd05be3c7cda29976f4"

[[projects]]
  digest = "1:76332e947f184a2dc091db40f22c7089ada36bbc577793074639695af85a10fd"
  name = "google.golang.org/grpc"
  packages = [
    ".",
    "balancer",
    "balancer/base",
    "balancer/roundrobin",
    "codes",
    "connectivity",
    "credentials",
    "encoding",
    "encoding/proto",
    "grpclog",
    "internal",
    "internal/backoff",
    "internal/channelz",
    "internal/envconfig",
    "internal/grpcrand",
    "internal/transport",
    "keepalive",
    "metadata",
    "naming",
    "peer",
    "reflection",
    "reflection/grpc_reflection_v1alpha",
    "resolver",
    "resolver/dns",
    "resolver/passthrough",
    "stats",
    "status",
    "tap",
  ]
  pruneopts = "UT"
  revision = "32fb0ac620c32ba40a4626ddf94d90d12cce3455"
  version = "v1.14.0"

[[projects]]
  digest = "1:b0e2a9ee778a41537e07b6ee0e569c32f73d68832d610b35d5aeb84eed73f4ef"
  name = "gopkg.in/AlecAivazis/survey.v1"
  packages = [
    "core",
    "terminal",
  ]
  pruneopts = "UT"
  revision = "f30c5d1830c892f533140f29a1de89141dc217f5"
  version = "v1.6.2"

[[projects]]
  digest = "1:342378ac4dcb378a5448dd723f0784ae519383532f5e70ade24132c4c8693202"
  name = "gopkg.in/yaml.v2"
  packages = ["."]
  pruneopts = "UT"
  revision = "5420a8b6744d3b0345ab293f6fcba19c978f1183"
  version = "v2.2.1"

[solve-meta]
  analyzer-name = "dep"
  analyzer-version = 1
  input-imports = [
    "github.com/AlecAivazis/survey",
    "github.com/BurntSushi/toml",
    "github.com/c-bata/go-prompt",
    "github.com/fatih/color",
    "github.com/golang/protobuf/jsonpb",
    "github.com/golang/protobuf/proto",
    "github.com/golang/protobuf/protoc-gen-go/descriptor",
    "github.com/hashicorp/go-multierror",
    "github.com/improbable-eng/grpc-web/go/grpcweb",
    "github.com/jhump/protoreflect/desc",
    "github.com/jhump/protoreflect/desc/protoparse",
    "github.com/jhump/protoreflect/dynamic",
    "github.com/jhump/protoreflect/grpcreflect",
    "github.com/kelseyhightower/envconfig",
    "github.com/ktr0731/go-configure",
    "github.com/ktr0731/go-multierror",
    "github.com/ktr0731/go-semver",
    "github.com/ktr0731/go-shellstring",
    "github.com/ktr0731/go-updater",
    "github.com/ktr0731/go-updater/brew",
    "github.com/ktr0731/go-updater/github",
    "github.com/ktr0731/grpc-web-go-client/grpcweb",
    "github.com/ktr0731/grpc-web-go-client/grpcweb/grpcweb_reflection_v1alpha",
    "github.com/ktr0731/mapstruct",
    "github.com/mattn/go-isatty",
    "github.com/mattn/go-shellwords",
    "github.com/mitchellh/copystructure",
    "github.com/mitchellh/go-homedir",
    "github.com/mitchellh/mapstructure",
    "github.com/olekukonko/tablewriter",
    "github.com/pelletier/go-toml",
    "github.com/pkg/errors",
    "github.com/stretchr/testify/assert",
    "github.com/stretchr/testify/require",
    "github.com/tj/go-spin",
    "go.uber.org/config",
    "go.uber.org/goleak",
    "golang.org/x/net/context",
    "google.golang.org/grpc",
    "google.golang.org/grpc/connectivity",
    "google.golang.org/grpc/metadata",
    "google.golang.org/grpc/reflection",
    "google.golang.org/grpc/reflection/grpc_reflection_v1alpha",
  ]
  solver-name = "gps-cdcl"
  solver-version = 1
