# This file is autogenerated, do not edit; changes may be undone by the next 'dep ensure'.


[[projects]]
  name = "github.com/AlecAivazis/survey"
  packages = ["."]
  revision = "17861e192dc11fd2f5081df1932c94cce262fa1e"
  version = "v1.6.1"

[[projects]]
  name = "github.com/BurntSushi/toml"
  packages = ["."]
  revision = "b26d9c308763d68093482582cea63d69be07a0f0"
  version = "v0.3.0"

[[projects]]
  name = "github.com/c-bata/go-prompt"
  packages = ["."]
  revision = "2f3ee57cf5d006ef778e5fab923ed0022eba2168"

[[projects]]
  name = "github.com/davecgh/go-spew"
  packages = ["spew"]
  revision = "346938d642f2ec3594ed81d874461961cd0faa76"
  version = "v1.1.0"

[[projects]]
  name = "github.com/fatih/color"
  packages = ["."]
  revision = "5b77d2a35fb0ede96d138fc9a99f5c9b6aef11b4"
  version = "v1.7.0"

[[projects]]
  name = "github.com/golang/protobuf"
  packages = [
    "jsonpb",
    "proto",
    "protoc-gen-go/descriptor",
    "protoc-gen-go/plugin",
    "ptypes",
    "ptypes/any",
    "ptypes/duration",
    "ptypes/empty",
    "ptypes/struct",
    "ptypes/timestamp",
    "ptypes/wrappers"
  ]
  revision = "b4deda0973fb4c70b50d226b1af49f3da59f5265"
  version = "v1.1.0"

[[projects]]
  name = "github.com/google/go-github"
  packages = ["github"]
  revision = "e48060a28fac52d0f1cb758bc8b87c07bac4a87d"
  version = "v15.0.0"

[[projects]]
  branch = "master"
  name = "github.com/google/go-querystring"
  packages = ["query"]
  revision = "53e6ce116135b80d037921a7fdd5138cf32d7a8a"

[[projects]]
  branch = "master"
  name = "github.com/hashicorp/errwrap"
  packages = ["."]
  revision = "d6c0cd88035724dd42e0f335ae30161c20575ecc"

[[projects]]
  branch = "master"
  name = "github.com/hashicorp/go-multierror"
  packages = ["."]
  revision = "3d5d8f294aa03d8e98859feac328afbdf1ae0703"

[[projects]]
  branch = "master"
  name = "github.com/inconshreveable/go-update"
  packages = [
    ".",
    "internal/binarydist",
    "internal/osext"
  ]
  revision = "8152e7eb6ccf8679a64582a66b78519688d156ad"

[[projects]]
  branch = "master"
  name = "github.com/jhump/protoreflect"
  packages = [
    "desc",
    "desc/internal",
    "desc/protoparse",
    "dynamic",
    "grpcreflect",
    "internal"
  ]
<<<<<<< HEAD
  revision = "dec7efff960aff9689f61d913a23286a260ac875"
=======
  revision = "86d31fcaca06045b722f08bae124c96548404121"
>>>>>>> master

[[projects]]
  name = "github.com/kelseyhightower/envconfig"
  packages = ["."]
  revision = "f611eb38b3875cc3bd991ca91c51d06446afa14c"
  version = "v1.3.0"

[[projects]]
  branch = "master"
  name = "github.com/ktr0731/go-configure"
  packages = ["."]
  revision = "37d89cb5546f3e3f28142a781ea345e42b32d50c"

[[projects]]
  branch = "master"
  name = "github.com/ktr0731/go-multierror"
  packages = ["."]
  revision = "b7773ae218740a7be65057fc60b366a49b538a44"

[[projects]]
  name = "github.com/ktr0731/go-semver"
  packages = ["."]
  revision = "5eaff990ec41aa33855f711d44896eb801b13536"
  version = "0.1.0"

[[projects]]
  branch = "master"
  name = "github.com/ktr0731/go-shellstring"
  packages = ["."]
  revision = "1b2bf0a2055df1a9cbea8f57e1d8cb96a6b1086e"

[[projects]]
  name = "github.com/ktr0731/go-updater"
  packages = [
    ".",
    "brew",
    "github"
  ]
  revision = "9baaa64c414e3a13a61d23bb5e8408655ceaacb7"
  version = "0.1.3"

[[projects]]
  branch = "master"
  name = "github.com/ktr0731/mapstruct"
  packages = ["."]
  revision = "4305d7dc7988339588a1ec4591c2d8dac73ce095"

[[projects]]
  name = "github.com/mattn/go-colorable"
  packages = ["."]
  revision = "167de6bfdfba052fa6b2d3664c8f5272e23c9072"
  version = "v0.0.9"

[[projects]]
  name = "github.com/mattn/go-isatty"
  packages = ["."]
  revision = "0360b2af4f38e8d38c7fce2a9f4e702702d73a39"
  version = "v0.0.3"

[[projects]]
  branch = "master"
  name = "github.com/mattn/go-pipeline"
  packages = ["."]
  revision = "cfb87a531e2beb376fe3ce94a6dfef7956d33bc7"

[[projects]]
  name = "github.com/mattn/go-runewidth"
  packages = ["."]
  revision = "9e777a8366cce605130a531d2cd6363d07ad7317"
  version = "v0.0.2"

[[projects]]
  name = "github.com/mattn/go-shellwords"
  packages = ["."]
  revision = "02e3cf038dcea8290e44424da473dd12be796a8a"
  version = "v1.0.3"

[[projects]]
  branch = "master"
  name = "github.com/mattn/go-tty"
  packages = ["."]
  revision = "931426f7535ac39720c8909d70ece5a41a2502a6"

[[projects]]
  branch = "master"
  name = "github.com/mgutz/ansi"
  packages = ["."]
  revision = "9520e82c474b0a04dd04f8a40959027271bab992"

[[projects]]
  branch = "master"
  name = "github.com/mitchellh/copystructure"
  packages = ["."]
  revision = "d23ffcb85de31694d6ccaa23ccb4a03e55c1303f"

[[projects]]
  branch = "master"
  name = "github.com/mitchellh/go-homedir"
  packages = ["."]
  revision = "3864e76763d94a6df2f9960b16a20a33da9f9a66"

[[projects]]
  branch = "master"
  name = "github.com/mitchellh/mapstructure"
  packages = ["."]
  revision = "f15292f7a699fcc1a38a80977f80a046874ba8ac"

[[projects]]
  branch = "master"
  name = "github.com/mitchellh/reflectwalk"
  packages = ["."]
  revision = "63d60e9d0dbc60cf9164e6510889b0db6683d98c"

[[projects]]
  branch = "master"
  name = "github.com/olekukonko/tablewriter"
  packages = ["."]
  revision = "d4647c9c7a84d847478d890b816b7d8b62b0b279"

[[projects]]
  name = "github.com/pelletier/go-toml"
  packages = ["."]
  revision = "c01d1270ff3e442a8a57cddc1c92dc1138598194"
  version = "v1.2.0"

[[projects]]
  name = "github.com/pkg/errors"
  packages = ["."]
  revision = "645ef00459ed84a119197bfb8d8205042c6df63d"
  version = "v0.8.0"

[[projects]]
  branch = "master"
  name = "github.com/pkg/term"
  packages = ["termios"]
  revision = "cda20d4ac917ad418d86e151eff439648b06185b"

[[projects]]
  name = "github.com/pmezard/go-difflib"
  packages = ["difflib"]
  revision = "792786c7400a136282c1664665ae0a8db921c6c2"
  version = "v1.0.0"

[[projects]]
  name = "github.com/stretchr/testify"
  packages = [
    "assert",
    "require"
  ]
  revision = "f35b8ab0b5a2cef36673838d662e249dd9c94686"
  version = "v1.2.2"

[[projects]]
  name = "github.com/tj/go-spin"
  packages = ["."]
  revision = "30574f5fadef1aa5c61d4c42e936785af9f03ada"
  version = "v1.1.0"

[[projects]]
  name = "go.uber.org/goleak"
  packages = [
    ".",
    "internal/stack"
  ]
  revision = "1ac8aeca0a53163331564467638f6ffb639636bf"
  version = "v0.10.0"

[[projects]]
  branch = "master"
  name = "golang.org/x/net"
  packages = [
    "context",
    "http/httpguts",
    "http2",
    "http2/hpack",
    "idna",
    "internal/timeseries",
    "trace"
  ]
<<<<<<< HEAD
  revision = "81d44fd177a98d09fe3bc40a5a78d495d3f042ea"
=======
  revision = "3673e40ba22529d22c3fd7c93e97b0ce50fa7bdd"
>>>>>>> master

[[projects]]
  branch = "master"
  name = "golang.org/x/sys"
  packages = ["unix"]
<<<<<<< HEAD
  revision = "ac767d655b305d4e9612f5f6e33120b9176c4ad4"
=======
  revision = "bd9dbc187b6e1dacfdd2722a87e83093c2d7bd6e"
>>>>>>> master

[[projects]]
  name = "golang.org/x/text"
  packages = [
    "collate",
    "collate/build",
    "internal/colltab",
    "internal/gen",
    "internal/tag",
    "internal/triegen",
    "internal/ucd",
    "language",
    "secure/bidirule",
    "transform",
    "unicode/bidi",
    "unicode/cldr",
    "unicode/norm",
    "unicode/rangetable"
  ]
  revision = "f21a4dfb5e38f5895301dc265a8def02365cc3d0"
  version = "v0.3.0"

[[projects]]
  branch = "master"
  name = "google.golang.org/genproto"
  packages = [
    "googleapis/rpc/status",
    "protobuf/api",
    "protobuf/field_mask",
    "protobuf/ptype",
    "protobuf/source_context"
  ]
<<<<<<< HEAD
  revision = "fedd2861243fd1a8152376292b921b394c7bef7e"
=======
  revision = "2a72893556e4d1f6c795a4c039314c9fa751eedb"
>>>>>>> master

[[projects]]
  name = "google.golang.org/grpc"
  packages = [
    ".",
    "balancer",
    "balancer/base",
    "balancer/roundrobin",
    "codes",
    "connectivity",
    "credentials",
    "encoding",
    "encoding/proto",
    "grpclog",
    "internal",
    "internal/backoff",
    "internal/channelz",
    "internal/grpcrand",
    "keepalive",
    "metadata",
    "naming",
    "peer",
    "reflection",
    "reflection/grpc_reflection_v1alpha",
    "resolver",
    "resolver/dns",
    "resolver/passthrough",
    "stats",
    "status",
    "tap",
    "transport"
  ]
  revision = "168a6198bcb0ef175f7dacec0b8691fc141dc9b8"
  version = "v1.13.0"

[[projects]]
  name = "gopkg.in/AlecAivazis/survey.v1"
  packages = [
    "core",
    "terminal"
  ]
  revision = "17861e192dc11fd2f5081df1932c94cce262fa1e"
  version = "v1.6.1"

[[projects]]
  name = "gopkg.in/yaml.v2"
  packages = ["."]
  revision = "5420a8b6744d3b0345ab293f6fcba19c978f1183"
  version = "v2.2.1"

[solve-meta]
  analyzer-name = "dep"
  analyzer-version = 1
<<<<<<< HEAD
  inputs-digest = "8677357ac00c576c2859e2066899f99382babb7576cc060e69d56b36a02d368c"
=======
  inputs-digest = "82e88f613715be36e822f3df57ccafb1a100a3f6ad8c3ebec0573f3e764bcee7"
>>>>>>> master
  solver-name = "gps-cdcl"
  solver-version = 1
